
Microsoft Visual Studio Solution File, Format Version 12.00
# Visual Studio Version 16
VisualStudioVersion = 16.0.31321.278
MinimumVisualStudioVersion = 10.0.40219.1
Project("{FAE04EC0-301F-11D3-BF4B-00C04F79EFBC}") = "AspDotNetCppThreejs", "AspDotNetCppThreejs.csproj", "{A9FAC854-8C64-467F-BFAA-13F00110EFF1}"
EndProject
Global
	GlobalSection(SolutionConfigurationPlatforms) = preSolution
		Debug|Any CPU = Debug|Any CPU
		Release|Any CPU = Release|Any CPU
	EndGlobalSection
	GlobalSection(ProjectConfigurationPlatforms) = postSolution
		{A9FAC854-8C64-467F-BFAA-13F00110EFF1}.Debug|Any CPU.ActiveCfg = Debug|Any CPU
		{A9FAC854-8C64-467F-BFAA-13F00110EFF1}.Debug|Any CPU.Build.0 = Debug|Any CPU
		{A9FAC854-8C64-467F-BFAA-13F00110EFF1}.Release|Any CPU.ActiveCfg = Release|Any CPU
		{A9FAC854-8C64-467F-BFAA-13F00110EFF1}.Release|Any CPU.Build.0 = Release|Any CPU
	EndGlobalSection
	GlobalSection(SolutionProperties) = preSolution
		HideSolutionNode = FALSE
	EndGlobalSection
	GlobalSection(ExtensibilityGlobals) = postSolution
		SolutionGuid = {DC217773-83C1-4CBD-B48D-2FC3CF63C902}
	EndGlobalSection
EndGlobal
