
Microsoft Visual Studio Solution File, Format Version 12.00
# Visual Studio Version 16
VisualStudioVersion = 16.0.30914.41
MinimumVisualStudioVersion = 10.0.40219.1
Project("{FAE04EC0-301F-11D3-BF4B-00C04F79EFBC}") = "WebApplication2", "WebApplication2.csproj", "{2D79C814-7F90-45C3-B749-96B4EA761554}"
EndProject
Project("{8BC9CEB8-8B4A-11D0-8D11-00A0C91BC942}") = "CppLibrary", "CppLibrary\CppLibrary.vcxproj", "{F4CA1757-D2EB-4C9A-844C-ABC7FE2275A3}"
EndProject
Global
	GlobalSection(SolutionConfigurationPlatforms) = preSolution
		Debug|Any CPU = Debug|Any CPU
		Debug|x64 = Debug|x64
		Debug|x86 = Debug|x86
		Release|Any CPU = Release|Any CPU
		Release|x64 = Release|x64
		Release|x86 = Release|x86
	EndGlobalSection
	GlobalSection(ProjectConfigurationPlatforms) = postSolution
		{2D79C814-7F90-45C3-B749-96B4EA761554}.Debug|Any CPU.ActiveCfg = Debug|Any CPU
		{2D79C814-7F90-45C3-B749-96B4EA761554}.Debug|Any CPU.Build.0 = Debug|Any CPU
		{2D79C814-7F90-45C3-B749-96B4EA761554}.Debug|x64.ActiveCfg = Debug|Any CPU
		{2D79C814-7F90-45C3-B749-96B4EA761554}.Debug|x64.Build.0 = Debug|Any CPU
		{2D79C814-7F90-45C3-B749-96B4EA761554}.Debug|x86.ActiveCfg = Debug|Any CPU
		{2D79C814-7F90-45C3-B749-96B4EA761554}.Debug|x86.Build.0 = Debug|Any CPU
		{2D79C814-7F90-45C3-B749-96B4EA761554}.Release|Any CPU.ActiveCfg = Release|Any CPU
		{2D79C814-7F90-45C3-B749-96B4EA761554}.Release|Any CPU.Build.0 = Release|Any CPU
		{2D79C814-7F90-45C3-B749-96B4EA761554}.Release|x64.ActiveCfg = Release|Any CPU
		{2D79C814-7F90-45C3-B749-96B4EA761554}.Release|x64.Build.0 = Release|Any CPU
		{2D79C814-7F90-45C3-B749-96B4EA761554}.Release|x86.ActiveCfg = Release|Any CPU
		{2D79C814-7F90-45C3-B749-96B4EA761554}.Release|x86.Build.0 = Release|Any CPU
		{F4CA1757-D2EB-4C9A-844C-ABC7FE2275A3}.Debug|Any CPU.ActiveCfg = Debug|Win32
		{F4CA1757-D2EB-4C9A-844C-ABC7FE2275A3}.Debug|x64.ActiveCfg = Debug|x64
		{F4CA1757-D2EB-4C9A-844C-ABC7FE2275A3}.Debug|x64.Build.0 = Debug|x64
		{F4CA1757-D2EB-4C9A-844C-ABC7FE2275A3}.Debug|x86.ActiveCfg = Debug|Win32
		{F4CA1757-D2EB-4C9A-844C-ABC7FE2275A3}.Debug|x86.Build.0 = Debug|Win32
		{F4CA1757-D2EB-4C9A-844C-ABC7FE2275A3}.Release|Any CPU.ActiveCfg = Release|Win32
		{F4CA1757-D2EB-4C9A-844C-ABC7FE2275A3}.Release|x64.ActiveCfg = Release|x64
		{F4CA1757-D2EB-4C9A-844C-ABC7FE2275A3}.Release|x64.Build.0 = Release|x64
		{F4CA1757-D2EB-4C9A-844C-ABC7FE2275A3}.Release|x86.ActiveCfg = Release|Win32
		{F4CA1757-D2EB-4C9A-844C-ABC7FE2275A3}.Release|x86.Build.0 = Release|Win32
	EndGlobalSection
	GlobalSection(SolutionProperties) = preSolution
		HideSolutionNode = FALSE
	EndGlobalSection
	GlobalSection(ExtensibilityGlobals) = postSolution
		SolutionGuid = {15B2BC19-51AF-478C-BD8B-057FDDFB4DEC}
	EndGlobalSection
EndGlobal
